
Microsoft Visual Studio Solution File, Format Version 12.00
# Visual Studio Express 14 for Windows Desktop
VisualStudioVersion = 14.0.23107.0
MinimumVisualStudioVersion = 10.0.40219.1
Project("{FAE04EC0-301F-11D3-BF4B-00C04F79EFBC}") = "HttpVehicle", "HttpVehicle\HttpVehicle.csproj", "{A033C1B6-591F-4EDC-B70C-F9ED1F728A9A}"
EndProject
Project("{FAE04EC0-301F-11D3-BF4B-00C04F79EFBC}") = "DebugHttpVehicle", "DebugHttpVehicle\DebugHttpVehicle.csproj", "{6DB9434E-0B47-4F6C-ADE7-3CE806BEF1EE}"
EndProject
Global
	GlobalSection(SolutionConfigurationPlatforms) = preSolution
		Debug|Any CPU = Debug|Any CPU
		Debug|x64 = Debug|x64
		Debug|x86 = Debug|x86
		Release|Any CPU = Release|Any CPU
		Release|x64 = Release|x64
		Release|x86 = Release|x86
	EndGlobalSection
	GlobalSection(ProjectConfigurationPlatforms) = postSolution
		{A033C1B6-591F-4EDC-B70C-F9ED1F728A9A}.Debug|Any CPU.ActiveCfg = Debug|Any CPU
		{A033C1B6-591F-4EDC-B70C-F9ED1F728A9A}.Debug|Any CPU.Build.0 = Debug|Any CPU
		{A033C1B6-591F-4EDC-B70C-F9ED1F728A9A}.Debug|x64.ActiveCfg = Debug|x64
		{A033C1B6-591F-4EDC-B70C-F9ED1F728A9A}.Debug|x64.Build.0 = Debug|x64
		{A033C1B6-591F-4EDC-B70C-F9ED1F728A9A}.Debug|x86.ActiveCfg = Debug|x86
		{A033C1B6-591F-4EDC-B70C-F9ED1F728A9A}.Debug|x86.Build.0 = Debug|x86
		{A033C1B6-591F-4EDC-B70C-F9ED1F728A9A}.Release|Any CPU.ActiveCfg = Release|Any CPU
		{A033C1B6-591F-4EDC-B70C-F9ED1F728A9A}.Release|Any CPU.Build.0 = Release|Any CPU
		{A033C1B6-591F-4EDC-B70C-F9ED1F728A9A}.Release|x64.ActiveCfg = Release|x64
		{A033C1B6-591F-4EDC-B70C-F9ED1F728A9A}.Release|x64.Build.0 = Release|x64
		{A033C1B6-591F-4EDC-B70C-F9ED1F728A9A}.Release|x86.ActiveCfg = Release|x86
		{A033C1B6-591F-4EDC-B70C-F9ED1F728A9A}.Release|x86.Build.0 = Release|x86
		{6DB9434E-0B47-4F6C-ADE7-3CE806BEF1EE}.Debug|Any CPU.ActiveCfg = Debug|Any CPU
		{6DB9434E-0B47-4F6C-ADE7-3CE806BEF1EE}.Debug|Any CPU.Build.0 = Debug|Any CPU
		{6DB9434E-0B47-4F6C-ADE7-3CE806BEF1EE}.Debug|x64.ActiveCfg = Debug|x64
		{6DB9434E-0B47-4F6C-ADE7-3CE806BEF1EE}.Debug|x64.Build.0 = Debug|x64
		{6DB9434E-0B47-4F6C-ADE7-3CE806BEF1EE}.Debug|x86.ActiveCfg = Debug|x86
		{6DB9434E-0B47-4F6C-ADE7-3CE806BEF1EE}.Debug|x86.Build.0 = Debug|x86
		{6DB9434E-0B47-4F6C-ADE7-3CE806BEF1EE}.Release|Any CPU.ActiveCfg = Release|Any CPU
		{6DB9434E-0B47-4F6C-ADE7-3CE806BEF1EE}.Release|Any CPU.Build.0 = Release|Any CPU
		{6DB9434E-0B47-4F6C-ADE7-3CE806BEF1EE}.Release|x64.ActiveCfg = Release|x64
		{6DB9434E-0B47-4F6C-ADE7-3CE806BEF1EE}.Release|x64.Build.0 = Release|x64
		{6DB9434E-0B47-4F6C-ADE7-3CE806BEF1EE}.Release|x86.ActiveCfg = Release|x86
		{6DB9434E-0B47-4F6C-ADE7-3CE806BEF1EE}.Release|x86.Build.0 = Release|x86
	EndGlobalSection
	GlobalSection(SolutionProperties) = preSolution
		HideSolutionNode = FALSE
	EndGlobalSection
EndGlobal
